
Microsoft Visual Studio Solution File, Format Version 12.00
# Visual Studio Version 17
VisualStudioVersion = 17.0.31903.59
MinimumVisualStudioVersion = 10.0.40219.1
Project("{9A19103F-16F7-4668-BE54-9A1E7A4F7556}") = "Spirebyte.APIGateway", "src\Gateway\src\Spirebyte.APIGateway.csproj", "{1393D977-460B-41D4-B766-4B9067570407}"
EndProject
Project("{2150E333-8FDC-42A3-9474-1A3956D46DE8}") = "Gateway", "Gateway", "{2392179D-2E35-43F6-A2FE-9871B623C92C}"
EndProject
Project("{2150E333-8FDC-42A3-9474-1A3956D46DE8}") = "Services", "Services", "{9BCB536F-B261-4F42-9954-9DEE388199F5}"
EndProject
Project("{2150E333-8FDC-42A3-9474-1A3956D46DE8}") = "Email", "Email", "{2EA4F45B-0B45-4FE5-9057-E09102E2551E}"
EndProject
Project("{2150E333-8FDC-42A3-9474-1A3956D46DE8}") = "src", "src", "{EC5F8C59-1DFB-4357-8E42-40E4C3EF328C}"
EndProject
Project("{9A19103F-16F7-4668-BE54-9A1E7A4F7556}") = "Spirebyte.Services.Email.API", "src\Email-service\src\Spirebyte.Services.Email.API\Spirebyte.Services.Email.API.csproj", "{9EC844D7-38C5-4538-BC7E-F78BE11BF2D5}"
EndProject
Project("{9A19103F-16F7-4668-BE54-9A1E7A4F7556}") = "Spirebyte.Services.Email.Application", "src\Email-service\src\Spirebyte.Services.Email.Application\Spirebyte.Services.Email.Application.csproj", "{70E29648-99B6-4D62-B608-C17A5E7268B1}"
EndProject
Project("{9A19103F-16F7-4668-BE54-9A1E7A4F7556}") = "Spirebyte.Services.Email.Core", "src\Email-service\src\Spirebyte.Services.Email.Core\Spirebyte.Services.Email.Core.csproj", "{810EFD26-70CC-4826-A138-9F0B29C47AD4}"
EndProject
Project("{9A19103F-16F7-4668-BE54-9A1E7A4F7556}") = "Spirebyte.Services.Email.Infrastructure", "src\Email-service\src\Spirebyte.Services.Email.Infrastructure\Spirebyte.Services.Email.Infrastructure.csproj", "{3F39DF36-6E43-4B5A-AA31-800EBB048421}"
EndProject
Project("{2150E333-8FDC-42A3-9474-1A3956D46DE8}") = "test", "test", "{2C7210CD-6B3B-4C3E-9549-9E42529B61FA}"
EndProject
Project("{9A19103F-16F7-4668-BE54-9A1E7A4F7556}") = "Spirebyte.Services.Email.Tests.Integration", "src\Email-service\tests\Spirebyte.Services.Email.Tests.Integration\Spirebyte.Services.Email.Tests.Integration.csproj", "{0AD6B070-4F53-4661-A745-7B2FA2EE80CC}"
EndProject
Project("{9A19103F-16F7-4668-BE54-9A1E7A4F7556}") = "Spirebyte.Services.Email.Tests.Shared", "src\Email-service\tests\Spirebyte.Services.Email.Tests.Shared\Spirebyte.Services.Email.Tests.Shared.csproj", "{085EB14E-F7A8-4B15-8251-683CE4E3BE3F}"
EndProject
Project("{9A19103F-16F7-4668-BE54-9A1E7A4F7556}") = "Spirebyte.Services.Email.Tests.Unit", "src\Email-service\tests\Spirebyte.Services.Email.Tests.Unit\Spirebyte.Services.Email.Tests.Unit.csproj", "{5CD694B2-A08E-4C41-A93F-FDA42BC8538F}"
EndProject
Project("{2150E333-8FDC-42A3-9474-1A3956D46DE8}") = "Identity", "Identity", "{B5947A7C-2B8B-4E93-AEDA-DCC4F47BA619}"
EndProject
Project("{2150E333-8FDC-42A3-9474-1A3956D46DE8}") = "src", "src", "{EEA8BAB6-9FFA-4A69-A5B3-8A7E908D00F8}"
EndProject
Project("{9A19103F-16F7-4668-BE54-9A1E7A4F7556}") = "Spirebyte.Services.Identity.API", "src\Identity-Service\src\Spirebyte.Services.Identity.API\Spirebyte.Services.Identity.API.csproj", "{F8EB3E46-68D1-4E9D-8875-92D3E45693CE}"
EndProject
Project("{9A19103F-16F7-4668-BE54-9A1E7A4F7556}") = "Spirebyte.Services.Identity.Application", "src\Identity-Service\src\Spirebyte.Services.Identity.Application\Spirebyte.Services.Identity.Application.csproj", "{09B448C2-6433-47BD-820C-126A79829D05}"
EndProject
Project("{9A19103F-16F7-4668-BE54-9A1E7A4F7556}") = "Spirebyte.Services.Identity.Core", "src\Identity-Service\src\Spirebyte.Services.Identity.Core\Spirebyte.Services.Identity.Core.csproj", "{16663071-641D-4AD1-9720-3D1FC597C540}"
EndProject
Project("{9A19103F-16F7-4668-BE54-9A1E7A4F7556}") = "Spirebyte.Services.Identity.Infrastructure", "src\Identity-Service\src\Spirebyte.Services.Identity.Infrastructure\Spirebyte.Services.Identity.Infrastructure.csproj", "{E126F6A1-54C4-4416-8598-7D621C2ED88D}"
EndProject
Project("{2150E333-8FDC-42A3-9474-1A3956D46DE8}") = "test", "test", "{B29F1F5C-8CDC-4F56-A494-E607087045E8}"
EndProject
Project("{9A19103F-16F7-4668-BE54-9A1E7A4F7556}") = "Spirebyte.Services.Identity.Tests.EndToEnd", "src\Identity-Service\test\Spirebyte.Services.Identity.Tests.EndToEnd\Spirebyte.Services.Identity.Tests.EndToEnd.csproj", "{B987A71A-9DAD-4C05-ABAF-CDF061DB1E03}"
EndProject
Project("{9A19103F-16F7-4668-BE54-9A1E7A4F7556}") = "Spirebyte.Services.Identity.Tests.Integration", "src\Identity-Service\test\Spirebyte.Services.Identity.Tests.Integration\Spirebyte.Services.Identity.Tests.Integration.csproj", "{E2CCEBDB-67D0-4874-9E51-6E174A3E9895}"
EndProject
Project("{9A19103F-16F7-4668-BE54-9A1E7A4F7556}") = "Spirebyte.Services.Identity.Tests.Performance", "src\Identity-Service\test\Spirebyte.Services.Identity.Tests.Performance\Spirebyte.Services.Identity.Tests.Performance.csproj", "{59ED8384-C572-40EB-8F37-02658503DDA5}"
EndProject
Project("{9A19103F-16F7-4668-BE54-9A1E7A4F7556}") = "Spirebyte.Services.Identity.Tests.Shared", "src\Identity-Service\test\Spirebyte.Services.Identity.Tests.Shared\Spirebyte.Services.Identity.Tests.Shared.csproj", "{BB75E996-AF0E-4061-A78F-C1C5EA412BBE}"
EndProject
Project("{9A19103F-16F7-4668-BE54-9A1E7A4F7556}") = "Spirebyte.Services.Identity.Tests.Unit", "src\Identity-Service\test\Spirebyte.Services.Identity.Tests.Unit\Spirebyte.Services.Identity.Tests.Unit.csproj", "{EF1FA1AE-C34C-42BE-BB98-26EAB28C9D18}"
EndProject
Project("{2150E333-8FDC-42A3-9474-1A3956D46DE8}") = "Issues", "Issues", "{A745895D-6EFC-4111-A46D-268869DE0648}"
EndProject
Project("{9A19103F-16F7-4668-BE54-9A1E7A4F7556}") = "Spirebyte.Services.Issues.API", "src\Issue-Service\src\Spirebyte.Services.Issues.API\Spirebyte.Services.Issues.API.csproj", "{8D1DFF10-D899-45C9-80B5-BB75CF0FD7CC}"
EndProject
Project("{9A19103F-16F7-4668-BE54-9A1E7A4F7556}") = "Spirebyte.Services.Issues.Application", "src\Issue-Service\src\Spirebyte.Services.Issues.Application\Spirebyte.Services.Issues.Application.csproj", "{96ED6927-9E54-4E17-825C-5A43D963EB16}"
EndProject
Project("{9A19103F-16F7-4668-BE54-9A1E7A4F7556}") = "Spirebyte.Services.Issues.Core", "src\Issue-Service\src\Spirebyte.Services.Issues.Core\Spirebyte.Services.Issues.Core.csproj", "{E12D53EB-17C5-4127-9826-A96D49F34238}"
EndProject
Project("{9A19103F-16F7-4668-BE54-9A1E7A4F7556}") = "Spirebyte.Services.Issues.Infrastructure", "src\Issue-Service\src\Spirebyte.Services.Issues.Infrastructure\Spirebyte.Services.Issues.Infrastructure.csproj", "{1375DE68-2A1B-4CCD-BB30-E865F5C55058}"
EndProject
Project("{2150E333-8FDC-42A3-9474-1A3956D46DE8}") = "src", "src", "{076C4D78-C4C7-412E-8B2C-044C5A83B139}"
EndProject
Project("{2150E333-8FDC-42A3-9474-1A3956D46DE8}") = "test", "test", "{C4F4E639-1A5D-4ACD-B6AB-4247259E8339}"
EndProject
Project("{9A19103F-16F7-4668-BE54-9A1E7A4F7556}") = "Spirebyte.Services.Issues.Tests.Integration", "src\Issue-Service\test\Spirebyte.Services.Issues.Tests.Integration\Spirebyte.Services.Issues.Tests.Integration.csproj", "{E61AF6A4-1375-4509-9511-3764DBF09F8B}"
EndProject
Project("{9A19103F-16F7-4668-BE54-9A1E7A4F7556}") = "Spirebyte.Services.Issues.Tests.Shared", "src\Issue-Service\test\Spirebyte.Services.Issues.Tests.Shared\Spirebyte.Services.Issues.Tests.Shared.csproj", "{DC98D0CC-C83B-48FD-8085-78EF88C44F29}"
EndProject
Project("{9A19103F-16F7-4668-BE54-9A1E7A4F7556}") = "Spirebyte.Services.Issues.Tests.Unit", "src\Issue-Service\test\Spirebyte.Services.Issues.Tests.Unit\Spirebyte.Services.Issues.Tests.Unit.csproj", "{94E70DEA-3D51-4190-9732-56EA506DA5A0}"
EndProject
Project("{2150E333-8FDC-42A3-9474-1A3956D46DE8}") = "Operations", "Operations", "{BC963A0C-0DB2-453A-9184-37620048AC0B}"
EndProject
Project("{2150E333-8FDC-42A3-9474-1A3956D46DE8}") = "src", "src", "{0BC97005-7FA8-4ADF-A919-F93ED0648C99}"
EndProject
Project("{9A19103F-16F7-4668-BE54-9A1E7A4F7556}") = "Spirebyte.Services.Operations.API", "src\Operation-Service\src\Spirebyte.Services.Operations.API\Spirebyte.Services.Operations.API.csproj", "{D003B5D6-FCDC-4EF0-B9EF-2C6B89BAB662}"
EndProject
Project("{9A19103F-16F7-4668-BE54-9A1E7A4F7556}") = "Spirebyte.Services.Operations.Application", "src\Operation-Service\src\Spirebyte.Services.Operations.Application\Spirebyte.Services.Operations.Application.csproj", "{6BAB6271-B155-4A43-8626-3A35A0A9B5E4}"
EndProject
Project("{9A19103F-16F7-4668-BE54-9A1E7A4F7556}") = "Spirebyte.Services.Operations.Core", "src\Operation-Service\src\Spirebyte.Services.Operations.Core\Spirebyte.Services.Operations.Core.csproj", "{AA973E90-510D-4BAF-95E2-4CD69A6D49AD}"
EndProject
Project("{9A19103F-16F7-4668-BE54-9A1E7A4F7556}") = "Spirebyte.Services.Operations.Infrastructure", "src\Operation-Service\src\Spirebyte.Services.Operations.Infrastructure\Spirebyte.Services.Operations.Infrastructure.csproj", "{BA63420B-F543-4364-B75C-5EB3D9257B32}"
EndProject
Project("{2150E333-8FDC-42A3-9474-1A3956D46DE8}") = "test", "test", "{51B71546-95AC-4744-8D51-A8A6F9F4A4CB}"
EndProject
Project("{2150E333-8FDC-42A3-9474-1A3956D46DE8}") = "Projects", "Projects", "{C34DC534-8F8F-4421-B5C6-102904D04F2E}"
EndProject
Project("{2150E333-8FDC-42A3-9474-1A3956D46DE8}") = "src", "src", "{9B00A1B1-69A2-4BB1-9371-59816CA05A85}"
EndProject
Project("{9A19103F-16F7-4668-BE54-9A1E7A4F7556}") = "Spirebyte.Services.Projects.API", "src\Project-Service\src\Spirebyte.Services.Projects.API\Spirebyte.Services.Projects.API.csproj", "{306E22B6-0CE9-460F-9C34-8B09A31F4BF9}"
EndProject
Project("{9A19103F-16F7-4668-BE54-9A1E7A4F7556}") = "Spirebyte.Services.Projects.Application", "src\Project-Service\src\Spirebyte.Services.Projects.Application\Spirebyte.Services.Projects.Application.csproj", "{CBAB8866-8499-4B21-9AE9-795FE8065D6F}"
EndProject
Project("{9A19103F-16F7-4668-BE54-9A1E7A4F7556}") = "Spirebyte.Services.Projects.Core", "src\Project-Service\src\Spirebyte.Services.Projects.Core\Spirebyte.Services.Projects.Core.csproj", "{7D85823D-D409-423B-B199-D661B7461858}"
EndProject
Project("{9A19103F-16F7-4668-BE54-9A1E7A4F7556}") = "Spirebyte.Services.Projects.Infrastructure", "src\Project-Service\src\Spirebyte.Services.Projects.Infrastructure\Spirebyte.Services.Projects.Infrastructure.csproj", "{1833D471-EA77-4E4B-9FE9-C988D1532F0E}"
EndProject
Project("{2150E333-8FDC-42A3-9474-1A3956D46DE8}") = "test", "test", "{62385E6C-C268-4071-9C99-E1E786EDE234}"
EndProject
Project("{9A19103F-16F7-4668-BE54-9A1E7A4F7556}") = "Spirebyte.Services.Projects.Tests.Integration", "src\Project-Service\test\Spirebyte.Services.Projects.Tests.Integration\Spirebyte.Services.Projects.Tests.Integration.csproj", "{4661473B-A109-421D-9E4A-9F97D6784212}"
EndProject
Project("{9A19103F-16F7-4668-BE54-9A1E7A4F7556}") = "Spirebyte.Services.Projects.Tests.Shared", "src\Project-Service\test\Spirebyte.Services.Projects.Tests.Shared\Spirebyte.Services.Projects.Tests.Shared.csproj", "{BFA57803-5053-460A-8D83-FC63F40FA05C}"
EndProject
Project("{9A19103F-16F7-4668-BE54-9A1E7A4F7556}") = "Spirebyte.Services.Projects.Tests.Unit", "src\Project-Service\test\Spirebyte.Services.Projects.Tests.Unit\Spirebyte.Services.Projects.Tests.Unit.csproj", "{FCAACE86-6C37-4D9D-A4D7-137A5C0F6476}"
EndProject
Project("{2150E333-8FDC-42A3-9474-1A3956D46DE8}") = "Sprints", "Sprints", "{21F99BD1-09A6-44C0-98DF-BE76497F9741}"
EndProject
Project("{2150E333-8FDC-42A3-9474-1A3956D46DE8}") = "src", "src", "{763637A2-DEF5-486A-907F-EF3DDB176343}"
EndProject
Project("{2150E333-8FDC-42A3-9474-1A3956D46DE8}") = "test", "test", "{142BCBFC-C2A9-45CF-8D1A-DD0700B55600}"
EndProject
Project("{9A19103F-16F7-4668-BE54-9A1E7A4F7556}") = "Spirebyte.Services.Sprints.API", "src\Sprint-Service\src\Spirebyte.Services.Sprints.API\Spirebyte.Services.Sprints.API.csproj", "{0AC8E200-6F8A-46BC-AEC4-C9706A9DD296}"
EndProject
Project("{9A19103F-16F7-4668-BE54-9A1E7A4F7556}") = "Spirebyte.Services.Sprints.Application", "src\Sprint-Service\src\Spirebyte.Services.Sprints.Application\Spirebyte.Services.Sprints.Application.csproj", "{975386D0-480F-4A40-9659-D576B7FBA53F}"
EndProject
Project("{9A19103F-16F7-4668-BE54-9A1E7A4F7556}") = "Spirebyte.Services.Sprints.Core", "src\Sprint-Service\src\Spirebyte.Services.Sprints.Core\Spirebyte.Services.Sprints.Core.csproj", "{6B8841D6-7109-4B1D-AADB-6539EFE33F89}"
EndProject
Project("{9A19103F-16F7-4668-BE54-9A1E7A4F7556}") = "Spirebyte.Services.Sprints.Infrastructure", "src\Sprint-Service\src\Spirebyte.Services.Sprints.Infrastructure\Spirebyte.Services.Sprints.Infrastructure.csproj", "{D700AB2C-9722-41F9-9C25-5B4514406807}"
EndProject
Project("{9A19103F-16F7-4668-BE54-9A1E7A4F7556}") = "Spirebyte.Services.Sprints.Tests.Integration", "src\Sprint-Service\test\Spirebyte.Services.Sprints.Tests.Integration\Spirebyte.Services.Sprints.Tests.Integration.csproj", "{7BDBF311-BD71-48B3-8DC1-6A3960D82BBF}"
EndProject
Project("{9A19103F-16F7-4668-BE54-9A1E7A4F7556}") = "Spirebyte.Services.Sprints.Tests.Shared", "src\Sprint-Service\test\Spirebyte.Services.Sprints.Tests.Shared\Spirebyte.Services.Sprints.Tests.Shared.csproj", "{C5F3C0FE-7133-4A40-90AE-D10ACDDB07B8}"
EndProject
Project("{9A19103F-16F7-4668-BE54-9A1E7A4F7556}") = "Spirebyte.Services.Sprints.Tests.Unit", "src\Sprint-Service\test\Spirebyte.Services.Sprints.Tests.Unit\Spirebyte.Services.Sprints.Tests.Unit.csproj", "{4446FC95-F145-46E7-92D5-CCBE0FBDF4C9}"
EndProject
Project("{2150E333-8FDC-42A3-9474-1A3956D46DE8}") = "Web", "Web", "{623C2810-FB91-4052-9F56-373D69CABFB3}"
EndProject
Project("{9A19103F-16F7-4668-BE54-9A1E7A4F7556}") = "Spirebyte.Web.Angular", "src\Web-Angular\Spirebyte.Web.Angular\Spirebyte.Web.Angular.csproj", "{0478025B-B71B-4F5C-970F-9ED66F7E1696}"
EndProject
Project("{E53339B2-1760-4266-BCC7-CA923CBCF16C}") = "docker-compose", "docker-compose.dcproj", "{91EE7C7E-8FFB-4CFF-875C-1B70EBDC6392}"
EndProject
Project("{2150E333-8FDC-42A3-9474-1A3956D46DE8}") = "Activity", "Activity", "{1BF8BF5A-035D-4F01-928C-FE4A9C1D1AFE}"
EndProject
Project("{2150E333-8FDC-42A3-9474-1A3956D46DE8}") = "src", "src", "{D084F8C7-09A9-4F7B-A274-793BFCE7E5BB}"
EndProject
Project("{2150E333-8FDC-42A3-9474-1A3956D46DE8}") = "test", "test", "{BEB5B27E-762A-4A43-AC44-3BFD0F44A1F1}"
EndProject
Project("{FAE04EC0-301F-11D3-BF4B-00C04F79EFBC}") = "Spirebyte.Services.Activities.API", "src\Activity-Service\src\Spirebyte.Services.Activities.API\Spirebyte.Services.Activities.API.csproj", "{0E65E18E-75E1-4020-96D2-0CA5244131CC}"
EndProject
Project("{FAE04EC0-301F-11D3-BF4B-00C04F79EFBC}") = "Spirebyte.Services.Activities.Application", "src\Activity-Service\src\Spirebyte.Services.Activities.Application\Spirebyte.Services.Activities.Application.csproj", "{4F92D089-83A4-4F03-81A8-E7AF8114A262}"
EndProject
Project("{FAE04EC0-301F-11D3-BF4B-00C04F79EFBC}") = "Spirebyte.Services.Activities.Core", "src\Activity-Service\src\Spirebyte.Services.Activities.Core\Spirebyte.Services.Activities.Core.csproj", "{7C7AC3DF-0E1C-467A-BE7D-19E8729E80B4}"
EndProject
Project("{FAE04EC0-301F-11D3-BF4B-00C04F79EFBC}") = "Spirebyte.Services.Activities.Infrastructure", "src\Activity-Service\src\Spirebyte.Services.Activities.Infrastructure\Spirebyte.Services.Activities.Infrastructure.csproj", "{3130B726-1D42-4E3D-8CC8-4FB98D3D3AAA}"
EndProject
Project("{2150E333-8FDC-42A3-9474-1A3956D46DE8}") = "Shared", "Shared", "{1BA7FCE9-F2DA-4DE0-AC82-5E67D0AE2993}"
EndProject
Project("{FAE04EC0-301F-11D3-BF4B-00C04F79EFBC}") = "Spirebyte.Shared", "src\Shared\src\Spirebyte.Shared\Spirebyte.Shared.csproj", "{DE23B469-9F4F-4F57-A3D4-7C7958F1FFDD}"
EndProject
Project("{2150E333-8FDC-42A3-9474-1A3956D46DE8}") = "Repository", "Repository", "{BECB6E0C-4BD5-457F-A744-83801C694C4E}"
EndProject
Project("{2150E333-8FDC-42A3-9474-1A3956D46DE8}") = "src", "src", "{B0813D29-1B56-4221-A757-C76909A6575A}"
EndProject
Project("{FAE04EC0-301F-11D3-BF4B-00C04F79EFBC}") = "Spirebyte.Services.Repositories.API", "src\Repository-Service\src\Spirebyte.Services.Repositories.API\Spirebyte.Services.Repositories.API.csproj", "{FFE242B0-B3E7-4D8E-B447-EA582E87A372}"
EndProject
Project("{FAE04EC0-301F-11D3-BF4B-00C04F79EFBC}") = "Spirebyte.Services.Repositories.Application", "src\Repository-Service\src\Spirebyte.Services.Repositories.Application\Spirebyte.Services.Repositories.Application.csproj", "{DC6B84FD-7091-4E01-8FD1-FAECAA881322}"
EndProject
Project("{FAE04EC0-301F-11D3-BF4B-00C04F79EFBC}") = "Spirebyte.Services.Repositories.Core", "src\Repository-Service\src\Spirebyte.Services.Repositories.Core\Spirebyte.Services.Repositories.Core.csproj", "{E3792D93-BEC9-48BB-91E4-0318401A4672}"
EndProject
Project("{FAE04EC0-301F-11D3-BF4B-00C04F79EFBC}") = "Spirebyte.Services.Repositories.Infrastructure", "src\Repository-Service\src\Spirebyte.Services.Repositories.Infrastructure\Spirebyte.Services.Repositories.Infrastructure.csproj", "{34E3FFC8-D586-4C8B-9542-8045DEEC7F29}"
EndProject
Project("{2150E333-8FDC-42A3-9474-1A3956D46DE8}") = "test", "test", "{C141BA9F-2CBD-4002-8E05-C0EE49024E54}"
EndProject
Project("{FAE04EC0-301F-11D3-BF4B-00C04F79EFBC}") = "Spirebyte.Services.Repositories.Tests.Integration", "src\Repository-Service\test\Spirebyte.Services.Repositories.Tests.Integration\Spirebyte.Services.Repositories.Tests.Integration.csproj", "{A5B49D9F-64F2-4F9A-8A4B-0E8A1A10A6D8}"
EndProject
Project("{FAE04EC0-301F-11D3-BF4B-00C04F79EFBC}") = "Spirebyte.Services.Repositories.Tests.Shared", "src\Repository-Service\test\Spirebyte.Services.Repositories.Tests.Shared\Spirebyte.Services.Repositories.Tests.Shared.csproj", "{7F764828-5685-41F5-8BDE-1D073B3EEA3A}"
EndProject
Project("{FAE04EC0-301F-11D3-BF4B-00C04F79EFBC}") = "Spirebyte.Services.Repositories.Tests.Unit", "src\Repository-Service\test\Spirebyte.Services.Repositories.Tests.Unit\Spirebyte.Services.Repositories.Tests.Unit.csproj", "{735A6F06-68EB-443C-897A-AD13E2CF3D70}"
EndProject
Project("{2150E333-8FDC-42A3-9474-1A3956D46DE8}") = "Git", "Git", "{9BBBFC7C-E0C8-4F57-B40C-96EE963EFE8D}"
EndProject
Project("{2150E333-8FDC-42A3-9474-1A3956D46DE8}") = "src", "src", "{21D448EE-04E6-4F97-A908-4B5712E12209}"
EndProject
Project("{FAE04EC0-301F-11D3-BF4B-00C04F79EFBC}") = "Spirebyte.Services.Git.API", "src\Git-Service\src\Spirebyte.Services.Git.API\Spirebyte.Services.Git.API.csproj", "{4B267FA5-6612-4AED-B0DD-F49E9674F28D}"
EndProject
Project("{FAE04EC0-301F-11D3-BF4B-00C04F79EFBC}") = "Spirebyte.Services.Git.Application", "src\Git-Service\src\Spirebyte.Services.Git.Application\Spirebyte.Services.Git.Application.csproj", "{89CFBCBC-4FC7-4CD5-B579-5F74B6EF2068}"
EndProject
Project("{FAE04EC0-301F-11D3-BF4B-00C04F79EFBC}") = "Spirebyte.Services.Git.Core", "src\Git-Service\src\Spirebyte.Services.Git.Core\Spirebyte.Services.Git.Core.csproj", "{29CF9C41-9817-4C64-8D95-3C64BA241E62}"
EndProject
Project("{FAE04EC0-301F-11D3-BF4B-00C04F79EFBC}") = "Spirebyte.Services.Git.Infrastructure", "src\Git-Service\src\Spirebyte.Services.Git.Infrastructure\Spirebyte.Services.Git.Infrastructure.csproj", "{7DD54C6D-E271-4D2C-9BA0-FF1E45203352}"
EndProject
Project("{2150E333-8FDC-42A3-9474-1A3956D46DE8}") = "test", "test", "{48FED0EC-299C-4EA9-AC70-95C19DB3215C}"
EndProject
Project("{FAE04EC0-301F-11D3-BF4B-00C04F79EFBC}") = "Spirebyte.Services.Git.Tests.Integration", "src\Git-Service\test\Spirebyte.Services.Git.Tests.Integration\Spirebyte.Services.Git.Tests.Integration.csproj", "{2D4DE8B1-3195-4FB6-A300-B0546D768725}"
EndProject
Project("{FAE04EC0-301F-11D3-BF4B-00C04F79EFBC}") = "Spirebyte.Services.Git.Tests.Shared", "src\Git-Service\test\Spirebyte.Services.Git.Tests.Shared\Spirebyte.Services.Git.Tests.Shared.csproj", "{39FA7481-704A-4B6B-A1F7-906E738FD784}"
EndProject
Project("{FAE04EC0-301F-11D3-BF4B-00C04F79EFBC}") = "Spirebyte.Services.Git.Tests.Unit", "src\Git-Service\test\Spirebyte.Services.Git.Tests.Unit\Spirebyte.Services.Git.Tests.Unit.csproj", "{98462DE9-EFCF-4AF8-A842-D3B6203A422C}"
EndProject
Global
	GlobalSection(SolutionConfigurationPlatforms) = preSolution
		Debug|Any CPU = Debug|Any CPU
		Release|Any CPU = Release|Any CPU
	EndGlobalSection
	GlobalSection(ProjectConfigurationPlatforms) = postSolution
		{1393D977-460B-41D4-B766-4B9067570407}.Debug|Any CPU.ActiveCfg = Debug|Any CPU
		{1393D977-460B-41D4-B766-4B9067570407}.Debug|Any CPU.Build.0 = Debug|Any CPU
		{1393D977-460B-41D4-B766-4B9067570407}.Release|Any CPU.ActiveCfg = Release|Any CPU
		{1393D977-460B-41D4-B766-4B9067570407}.Release|Any CPU.Build.0 = Release|Any CPU
		{9EC844D7-38C5-4538-BC7E-F78BE11BF2D5}.Debug|Any CPU.ActiveCfg = Debug|Any CPU
		{9EC844D7-38C5-4538-BC7E-F78BE11BF2D5}.Debug|Any CPU.Build.0 = Debug|Any CPU
		{9EC844D7-38C5-4538-BC7E-F78BE11BF2D5}.Release|Any CPU.ActiveCfg = Release|Any CPU
		{9EC844D7-38C5-4538-BC7E-F78BE11BF2D5}.Release|Any CPU.Build.0 = Release|Any CPU
		{70E29648-99B6-4D62-B608-C17A5E7268B1}.Debug|Any CPU.ActiveCfg = Debug|Any CPU
		{70E29648-99B6-4D62-B608-C17A5E7268B1}.Debug|Any CPU.Build.0 = Debug|Any CPU
		{70E29648-99B6-4D62-B608-C17A5E7268B1}.Release|Any CPU.ActiveCfg = Release|Any CPU
		{70E29648-99B6-4D62-B608-C17A5E7268B1}.Release|Any CPU.Build.0 = Release|Any CPU
		{810EFD26-70CC-4826-A138-9F0B29C47AD4}.Debug|Any CPU.ActiveCfg = Debug|Any CPU
		{810EFD26-70CC-4826-A138-9F0B29C47AD4}.Debug|Any CPU.Build.0 = Debug|Any CPU
		{810EFD26-70CC-4826-A138-9F0B29C47AD4}.Release|Any CPU.ActiveCfg = Release|Any CPU
		{810EFD26-70CC-4826-A138-9F0B29C47AD4}.Release|Any CPU.Build.0 = Release|Any CPU
		{3F39DF36-6E43-4B5A-AA31-800EBB048421}.Debug|Any CPU.ActiveCfg = Debug|Any CPU
		{3F39DF36-6E43-4B5A-AA31-800EBB048421}.Debug|Any CPU.Build.0 = Debug|Any CPU
		{3F39DF36-6E43-4B5A-AA31-800EBB048421}.Release|Any CPU.ActiveCfg = Release|Any CPU
		{3F39DF36-6E43-4B5A-AA31-800EBB048421}.Release|Any CPU.Build.0 = Release|Any CPU
		{0AD6B070-4F53-4661-A745-7B2FA2EE80CC}.Debug|Any CPU.ActiveCfg = Debug|Any CPU
		{0AD6B070-4F53-4661-A745-7B2FA2EE80CC}.Debug|Any CPU.Build.0 = Debug|Any CPU
		{0AD6B070-4F53-4661-A745-7B2FA2EE80CC}.Release|Any CPU.ActiveCfg = Release|Any CPU
		{0AD6B070-4F53-4661-A745-7B2FA2EE80CC}.Release|Any CPU.Build.0 = Release|Any CPU
		{085EB14E-F7A8-4B15-8251-683CE4E3BE3F}.Debug|Any CPU.ActiveCfg = Debug|Any CPU
		{085EB14E-F7A8-4B15-8251-683CE4E3BE3F}.Debug|Any CPU.Build.0 = Debug|Any CPU
		{085EB14E-F7A8-4B15-8251-683CE4E3BE3F}.Release|Any CPU.ActiveCfg = Release|Any CPU
		{085EB14E-F7A8-4B15-8251-683CE4E3BE3F}.Release|Any CPU.Build.0 = Release|Any CPU
		{5CD694B2-A08E-4C41-A93F-FDA42BC8538F}.Debug|Any CPU.ActiveCfg = Debug|Any CPU
		{5CD694B2-A08E-4C41-A93F-FDA42BC8538F}.Debug|Any CPU.Build.0 = Debug|Any CPU
		{5CD694B2-A08E-4C41-A93F-FDA42BC8538F}.Release|Any CPU.ActiveCfg = Release|Any CPU
		{5CD694B2-A08E-4C41-A93F-FDA42BC8538F}.Release|Any CPU.Build.0 = Release|Any CPU
		{F8EB3E46-68D1-4E9D-8875-92D3E45693CE}.Debug|Any CPU.ActiveCfg = Debug|Any CPU
		{F8EB3E46-68D1-4E9D-8875-92D3E45693CE}.Debug|Any CPU.Build.0 = Debug|Any CPU
		{F8EB3E46-68D1-4E9D-8875-92D3E45693CE}.Release|Any CPU.ActiveCfg = Release|Any CPU
		{F8EB3E46-68D1-4E9D-8875-92D3E45693CE}.Release|Any CPU.Build.0 = Release|Any CPU
		{09B448C2-6433-47BD-820C-126A79829D05}.Debug|Any CPU.ActiveCfg = Debug|Any CPU
		{09B448C2-6433-47BD-820C-126A79829D05}.Debug|Any CPU.Build.0 = Debug|Any CPU
		{09B448C2-6433-47BD-820C-126A79829D05}.Release|Any CPU.ActiveCfg = Release|Any CPU
		{09B448C2-6433-47BD-820C-126A79829D05}.Release|Any CPU.Build.0 = Release|Any CPU
		{16663071-641D-4AD1-9720-3D1FC597C540}.Debug|Any CPU.ActiveCfg = Debug|Any CPU
		{16663071-641D-4AD1-9720-3D1FC597C540}.Debug|Any CPU.Build.0 = Debug|Any CPU
		{16663071-641D-4AD1-9720-3D1FC597C540}.Release|Any CPU.ActiveCfg = Release|Any CPU
		{16663071-641D-4AD1-9720-3D1FC597C540}.Release|Any CPU.Build.0 = Release|Any CPU
		{E126F6A1-54C4-4416-8598-7D621C2ED88D}.Debug|Any CPU.ActiveCfg = Debug|Any CPU
		{E126F6A1-54C4-4416-8598-7D621C2ED88D}.Debug|Any CPU.Build.0 = Debug|Any CPU
		{E126F6A1-54C4-4416-8598-7D621C2ED88D}.Release|Any CPU.ActiveCfg = Release|Any CPU
		{E126F6A1-54C4-4416-8598-7D621C2ED88D}.Release|Any CPU.Build.0 = Release|Any CPU
		{B987A71A-9DAD-4C05-ABAF-CDF061DB1E03}.Debug|Any CPU.ActiveCfg = Debug|Any CPU
		{B987A71A-9DAD-4C05-ABAF-CDF061DB1E03}.Debug|Any CPU.Build.0 = Debug|Any CPU
		{B987A71A-9DAD-4C05-ABAF-CDF061DB1E03}.Release|Any CPU.ActiveCfg = Release|Any CPU
		{B987A71A-9DAD-4C05-ABAF-CDF061DB1E03}.Release|Any CPU.Build.0 = Release|Any CPU
		{E2CCEBDB-67D0-4874-9E51-6E174A3E9895}.Debug|Any CPU.ActiveCfg = Debug|Any CPU
		{E2CCEBDB-67D0-4874-9E51-6E174A3E9895}.Debug|Any CPU.Build.0 = Debug|Any CPU
		{E2CCEBDB-67D0-4874-9E51-6E174A3E9895}.Release|Any CPU.ActiveCfg = Release|Any CPU
		{E2CCEBDB-67D0-4874-9E51-6E174A3E9895}.Release|Any CPU.Build.0 = Release|Any CPU
		{59ED8384-C572-40EB-8F37-02658503DDA5}.Debug|Any CPU.ActiveCfg = Debug|Any CPU
		{59ED8384-C572-40EB-8F37-02658503DDA5}.Debug|Any CPU.Build.0 = Debug|Any CPU
		{59ED8384-C572-40EB-8F37-02658503DDA5}.Release|Any CPU.ActiveCfg = Release|Any CPU
		{59ED8384-C572-40EB-8F37-02658503DDA5}.Release|Any CPU.Build.0 = Release|Any CPU
		{BB75E996-AF0E-4061-A78F-C1C5EA412BBE}.Debug|Any CPU.ActiveCfg = Debug|Any CPU
		{BB75E996-AF0E-4061-A78F-C1C5EA412BBE}.Debug|Any CPU.Build.0 = Debug|Any CPU
		{BB75E996-AF0E-4061-A78F-C1C5EA412BBE}.Release|Any CPU.ActiveCfg = Release|Any CPU
		{BB75E996-AF0E-4061-A78F-C1C5EA412BBE}.Release|Any CPU.Build.0 = Release|Any CPU
		{EF1FA1AE-C34C-42BE-BB98-26EAB28C9D18}.Debug|Any CPU.ActiveCfg = Debug|Any CPU
		{EF1FA1AE-C34C-42BE-BB98-26EAB28C9D18}.Debug|Any CPU.Build.0 = Debug|Any CPU
		{EF1FA1AE-C34C-42BE-BB98-26EAB28C9D18}.Release|Any CPU.ActiveCfg = Release|Any CPU
		{EF1FA1AE-C34C-42BE-BB98-26EAB28C9D18}.Release|Any CPU.Build.0 = Release|Any CPU
		{8D1DFF10-D899-45C9-80B5-BB75CF0FD7CC}.Debug|Any CPU.ActiveCfg = Debug|Any CPU
		{8D1DFF10-D899-45C9-80B5-BB75CF0FD7CC}.Debug|Any CPU.Build.0 = Debug|Any CPU
		{8D1DFF10-D899-45C9-80B5-BB75CF0FD7CC}.Release|Any CPU.ActiveCfg = Release|Any CPU
		{8D1DFF10-D899-45C9-80B5-BB75CF0FD7CC}.Release|Any CPU.Build.0 = Release|Any CPU
		{96ED6927-9E54-4E17-825C-5A43D963EB16}.Debug|Any CPU.ActiveCfg = Debug|Any CPU
		{96ED6927-9E54-4E17-825C-5A43D963EB16}.Debug|Any CPU.Build.0 = Debug|Any CPU
		{96ED6927-9E54-4E17-825C-5A43D963EB16}.Release|Any CPU.ActiveCfg = Release|Any CPU
		{96ED6927-9E54-4E17-825C-5A43D963EB16}.Release|Any CPU.Build.0 = Release|Any CPU
		{E12D53EB-17C5-4127-9826-A96D49F34238}.Debug|Any CPU.ActiveCfg = Debug|Any CPU
		{E12D53EB-17C5-4127-9826-A96D49F34238}.Debug|Any CPU.Build.0 = Debug|Any CPU
		{E12D53EB-17C5-4127-9826-A96D49F34238}.Release|Any CPU.ActiveCfg = Release|Any CPU
		{E12D53EB-17C5-4127-9826-A96D49F34238}.Release|Any CPU.Build.0 = Release|Any CPU
		{1375DE68-2A1B-4CCD-BB30-E865F5C55058}.Debug|Any CPU.ActiveCfg = Debug|Any CPU
		{1375DE68-2A1B-4CCD-BB30-E865F5C55058}.Debug|Any CPU.Build.0 = Debug|Any CPU
		{1375DE68-2A1B-4CCD-BB30-E865F5C55058}.Release|Any CPU.ActiveCfg = Release|Any CPU
		{1375DE68-2A1B-4CCD-BB30-E865F5C55058}.Release|Any CPU.Build.0 = Release|Any CPU
		{E61AF6A4-1375-4509-9511-3764DBF09F8B}.Debug|Any CPU.ActiveCfg = Debug|Any CPU
		{E61AF6A4-1375-4509-9511-3764DBF09F8B}.Debug|Any CPU.Build.0 = Debug|Any CPU
		{E61AF6A4-1375-4509-9511-3764DBF09F8B}.Release|Any CPU.ActiveCfg = Release|Any CPU
		{E61AF6A4-1375-4509-9511-3764DBF09F8B}.Release|Any CPU.Build.0 = Release|Any CPU
		{DC98D0CC-C83B-48FD-8085-78EF88C44F29}.Debug|Any CPU.ActiveCfg = Debug|Any CPU
		{DC98D0CC-C83B-48FD-8085-78EF88C44F29}.Debug|Any CPU.Build.0 = Debug|Any CPU
		{DC98D0CC-C83B-48FD-8085-78EF88C44F29}.Release|Any CPU.ActiveCfg = Release|Any CPU
		{DC98D0CC-C83B-48FD-8085-78EF88C44F29}.Release|Any CPU.Build.0 = Release|Any CPU
		{94E70DEA-3D51-4190-9732-56EA506DA5A0}.Debug|Any CPU.ActiveCfg = Debug|Any CPU
		{94E70DEA-3D51-4190-9732-56EA506DA5A0}.Debug|Any CPU.Build.0 = Debug|Any CPU
		{94E70DEA-3D51-4190-9732-56EA506DA5A0}.Release|Any CPU.ActiveCfg = Release|Any CPU
		{94E70DEA-3D51-4190-9732-56EA506DA5A0}.Release|Any CPU.Build.0 = Release|Any CPU
		{D003B5D6-FCDC-4EF0-B9EF-2C6B89BAB662}.Debug|Any CPU.ActiveCfg = Debug|Any CPU
		{D003B5D6-FCDC-4EF0-B9EF-2C6B89BAB662}.Debug|Any CPU.Build.0 = Debug|Any CPU
		{D003B5D6-FCDC-4EF0-B9EF-2C6B89BAB662}.Release|Any CPU.ActiveCfg = Release|Any CPU
		{D003B5D6-FCDC-4EF0-B9EF-2C6B89BAB662}.Release|Any CPU.Build.0 = Release|Any CPU
		{6BAB6271-B155-4A43-8626-3A35A0A9B5E4}.Debug|Any CPU.ActiveCfg = Debug|Any CPU
		{6BAB6271-B155-4A43-8626-3A35A0A9B5E4}.Debug|Any CPU.Build.0 = Debug|Any CPU
		{6BAB6271-B155-4A43-8626-3A35A0A9B5E4}.Release|Any CPU.ActiveCfg = Release|Any CPU
		{6BAB6271-B155-4A43-8626-3A35A0A9B5E4}.Release|Any CPU.Build.0 = Release|Any CPU
		{AA973E90-510D-4BAF-95E2-4CD69A6D49AD}.Debug|Any CPU.ActiveCfg = Debug|Any CPU
		{AA973E90-510D-4BAF-95E2-4CD69A6D49AD}.Debug|Any CPU.Build.0 = Debug|Any CPU
		{AA973E90-510D-4BAF-95E2-4CD69A6D49AD}.Release|Any CPU.ActiveCfg = Release|Any CPU
		{AA973E90-510D-4BAF-95E2-4CD69A6D49AD}.Release|Any CPU.Build.0 = Release|Any CPU
		{BA63420B-F543-4364-B75C-5EB3D9257B32}.Debug|Any CPU.ActiveCfg = Debug|Any CPU
		{BA63420B-F543-4364-B75C-5EB3D9257B32}.Debug|Any CPU.Build.0 = Debug|Any CPU
		{BA63420B-F543-4364-B75C-5EB3D9257B32}.Release|Any CPU.ActiveCfg = Release|Any CPU
		{BA63420B-F543-4364-B75C-5EB3D9257B32}.Release|Any CPU.Build.0 = Release|Any CPU
		{306E22B6-0CE9-460F-9C34-8B09A31F4BF9}.Debug|Any CPU.ActiveCfg = Debug|Any CPU
		{306E22B6-0CE9-460F-9C34-8B09A31F4BF9}.Debug|Any CPU.Build.0 = Debug|Any CPU
		{306E22B6-0CE9-460F-9C34-8B09A31F4BF9}.Release|Any CPU.ActiveCfg = Release|Any CPU
		{306E22B6-0CE9-460F-9C34-8B09A31F4BF9}.Release|Any CPU.Build.0 = Release|Any CPU
		{CBAB8866-8499-4B21-9AE9-795FE8065D6F}.Debug|Any CPU.ActiveCfg = Debug|Any CPU
		{CBAB8866-8499-4B21-9AE9-795FE8065D6F}.Debug|Any CPU.Build.0 = Debug|Any CPU
		{CBAB8866-8499-4B21-9AE9-795FE8065D6F}.Release|Any CPU.ActiveCfg = Release|Any CPU
		{CBAB8866-8499-4B21-9AE9-795FE8065D6F}.Release|Any CPU.Build.0 = Release|Any CPU
		{7D85823D-D409-423B-B199-D661B7461858}.Debug|Any CPU.ActiveCfg = Debug|Any CPU
		{7D85823D-D409-423B-B199-D661B7461858}.Debug|Any CPU.Build.0 = Debug|Any CPU
		{7D85823D-D409-423B-B199-D661B7461858}.Release|Any CPU.ActiveCfg = Release|Any CPU
		{7D85823D-D409-423B-B199-D661B7461858}.Release|Any CPU.Build.0 = Release|Any CPU
		{1833D471-EA77-4E4B-9FE9-C988D1532F0E}.Debug|Any CPU.ActiveCfg = Debug|Any CPU
		{1833D471-EA77-4E4B-9FE9-C988D1532F0E}.Debug|Any CPU.Build.0 = Debug|Any CPU
		{1833D471-EA77-4E4B-9FE9-C988D1532F0E}.Release|Any CPU.ActiveCfg = Release|Any CPU
		{1833D471-EA77-4E4B-9FE9-C988D1532F0E}.Release|Any CPU.Build.0 = Release|Any CPU
		{4661473B-A109-421D-9E4A-9F97D6784212}.Debug|Any CPU.ActiveCfg = Debug|Any CPU
		{4661473B-A109-421D-9E4A-9F97D6784212}.Debug|Any CPU.Build.0 = Debug|Any CPU
		{4661473B-A109-421D-9E4A-9F97D6784212}.Release|Any CPU.ActiveCfg = Release|Any CPU
		{4661473B-A109-421D-9E4A-9F97D6784212}.Release|Any CPU.Build.0 = Release|Any CPU
		{BFA57803-5053-460A-8D83-FC63F40FA05C}.Debug|Any CPU.ActiveCfg = Debug|Any CPU
		{BFA57803-5053-460A-8D83-FC63F40FA05C}.Debug|Any CPU.Build.0 = Debug|Any CPU
		{BFA57803-5053-460A-8D83-FC63F40FA05C}.Release|Any CPU.ActiveCfg = Release|Any CPU
		{BFA57803-5053-460A-8D83-FC63F40FA05C}.Release|Any CPU.Build.0 = Release|Any CPU
		{FCAACE86-6C37-4D9D-A4D7-137A5C0F6476}.Debug|Any CPU.ActiveCfg = Debug|Any CPU
		{FCAACE86-6C37-4D9D-A4D7-137A5C0F6476}.Debug|Any CPU.Build.0 = Debug|Any CPU
		{FCAACE86-6C37-4D9D-A4D7-137A5C0F6476}.Release|Any CPU.ActiveCfg = Release|Any CPU
		{FCAACE86-6C37-4D9D-A4D7-137A5C0F6476}.Release|Any CPU.Build.0 = Release|Any CPU
		{0AC8E200-6F8A-46BC-AEC4-C9706A9DD296}.Debug|Any CPU.ActiveCfg = Debug|Any CPU
		{0AC8E200-6F8A-46BC-AEC4-C9706A9DD296}.Debug|Any CPU.Build.0 = Debug|Any CPU
		{0AC8E200-6F8A-46BC-AEC4-C9706A9DD296}.Release|Any CPU.ActiveCfg = Release|Any CPU
		{0AC8E200-6F8A-46BC-AEC4-C9706A9DD296}.Release|Any CPU.Build.0 = Release|Any CPU
		{975386D0-480F-4A40-9659-D576B7FBA53F}.Debug|Any CPU.ActiveCfg = Debug|Any CPU
		{975386D0-480F-4A40-9659-D576B7FBA53F}.Debug|Any CPU.Build.0 = Debug|Any CPU
		{975386D0-480F-4A40-9659-D576B7FBA53F}.Release|Any CPU.ActiveCfg = Release|Any CPU
		{975386D0-480F-4A40-9659-D576B7FBA53F}.Release|Any CPU.Build.0 = Release|Any CPU
		{6B8841D6-7109-4B1D-AADB-6539EFE33F89}.Debug|Any CPU.ActiveCfg = Debug|Any CPU
		{6B8841D6-7109-4B1D-AADB-6539EFE33F89}.Debug|Any CPU.Build.0 = Debug|Any CPU
		{6B8841D6-7109-4B1D-AADB-6539EFE33F89}.Release|Any CPU.ActiveCfg = Release|Any CPU
		{6B8841D6-7109-4B1D-AADB-6539EFE33F89}.Release|Any CPU.Build.0 = Release|Any CPU
		{D700AB2C-9722-41F9-9C25-5B4514406807}.Debug|Any CPU.ActiveCfg = Debug|Any CPU
		{D700AB2C-9722-41F9-9C25-5B4514406807}.Debug|Any CPU.Build.0 = Debug|Any CPU
		{D700AB2C-9722-41F9-9C25-5B4514406807}.Release|Any CPU.ActiveCfg = Release|Any CPU
		{D700AB2C-9722-41F9-9C25-5B4514406807}.Release|Any CPU.Build.0 = Release|Any CPU
		{7BDBF311-BD71-48B3-8DC1-6A3960D82BBF}.Debug|Any CPU.ActiveCfg = Debug|Any CPU
		{7BDBF311-BD71-48B3-8DC1-6A3960D82BBF}.Debug|Any CPU.Build.0 = Debug|Any CPU
		{7BDBF311-BD71-48B3-8DC1-6A3960D82BBF}.Release|Any CPU.ActiveCfg = Release|Any CPU
		{7BDBF311-BD71-48B3-8DC1-6A3960D82BBF}.Release|Any CPU.Build.0 = Release|Any CPU
		{C5F3C0FE-7133-4A40-90AE-D10ACDDB07B8}.Debug|Any CPU.ActiveCfg = Debug|Any CPU
		{C5F3C0FE-7133-4A40-90AE-D10ACDDB07B8}.Debug|Any CPU.Build.0 = Debug|Any CPU
		{C5F3C0FE-7133-4A40-90AE-D10ACDDB07B8}.Release|Any CPU.ActiveCfg = Release|Any CPU
		{C5F3C0FE-7133-4A40-90AE-D10ACDDB07B8}.Release|Any CPU.Build.0 = Release|Any CPU
		{4446FC95-F145-46E7-92D5-CCBE0FBDF4C9}.Debug|Any CPU.ActiveCfg = Debug|Any CPU
		{4446FC95-F145-46E7-92D5-CCBE0FBDF4C9}.Debug|Any CPU.Build.0 = Debug|Any CPU
		{4446FC95-F145-46E7-92D5-CCBE0FBDF4C9}.Release|Any CPU.ActiveCfg = Release|Any CPU
		{4446FC95-F145-46E7-92D5-CCBE0FBDF4C9}.Release|Any CPU.Build.0 = Release|Any CPU
		{0478025B-B71B-4F5C-970F-9ED66F7E1696}.Debug|Any CPU.ActiveCfg = Debug|Any CPU
		{0478025B-B71B-4F5C-970F-9ED66F7E1696}.Debug|Any CPU.Build.0 = Debug|Any CPU
		{0478025B-B71B-4F5C-970F-9ED66F7E1696}.Release|Any CPU.ActiveCfg = Release|Any CPU
		{0478025B-B71B-4F5C-970F-9ED66F7E1696}.Release|Any CPU.Build.0 = Release|Any CPU
		{91EE7C7E-8FFB-4CFF-875C-1B70EBDC6392}.Debug|Any CPU.ActiveCfg = Debug|Any CPU
		{91EE7C7E-8FFB-4CFF-875C-1B70EBDC6392}.Debug|Any CPU.Build.0 = Debug|Any CPU
		{91EE7C7E-8FFB-4CFF-875C-1B70EBDC6392}.Release|Any CPU.ActiveCfg = Release|Any CPU
		{91EE7C7E-8FFB-4CFF-875C-1B70EBDC6392}.Release|Any CPU.Build.0 = Release|Any CPU
		{0E65E18E-75E1-4020-96D2-0CA5244131CC}.Debug|Any CPU.ActiveCfg = Debug|Any CPU
		{0E65E18E-75E1-4020-96D2-0CA5244131CC}.Debug|Any CPU.Build.0 = Debug|Any CPU
		{0E65E18E-75E1-4020-96D2-0CA5244131CC}.Release|Any CPU.ActiveCfg = Release|Any CPU
		{0E65E18E-75E1-4020-96D2-0CA5244131CC}.Release|Any CPU.Build.0 = Release|Any CPU
		{4F92D089-83A4-4F03-81A8-E7AF8114A262}.Debug|Any CPU.ActiveCfg = Debug|Any CPU
		{4F92D089-83A4-4F03-81A8-E7AF8114A262}.Debug|Any CPU.Build.0 = Debug|Any CPU
		{4F92D089-83A4-4F03-81A8-E7AF8114A262}.Release|Any CPU.ActiveCfg = Release|Any CPU
		{4F92D089-83A4-4F03-81A8-E7AF8114A262}.Release|Any CPU.Build.0 = Release|Any CPU
		{7C7AC3DF-0E1C-467A-BE7D-19E8729E80B4}.Debug|Any CPU.ActiveCfg = Debug|Any CPU
		{7C7AC3DF-0E1C-467A-BE7D-19E8729E80B4}.Debug|Any CPU.Build.0 = Debug|Any CPU
		{7C7AC3DF-0E1C-467A-BE7D-19E8729E80B4}.Release|Any CPU.ActiveCfg = Release|Any CPU
		{7C7AC3DF-0E1C-467A-BE7D-19E8729E80B4}.Release|Any CPU.Build.0 = Release|Any CPU
		{3130B726-1D42-4E3D-8CC8-4FB98D3D3AAA}.Debug|Any CPU.ActiveCfg = Debug|Any CPU
		{3130B726-1D42-4E3D-8CC8-4FB98D3D3AAA}.Debug|Any CPU.Build.0 = Debug|Any CPU
		{3130B726-1D42-4E3D-8CC8-4FB98D3D3AAA}.Release|Any CPU.ActiveCfg = Release|Any CPU
		{3130B726-1D42-4E3D-8CC8-4FB98D3D3AAA}.Release|Any CPU.Build.0 = Release|Any CPU
		{DE23B469-9F4F-4F57-A3D4-7C7958F1FFDD}.Debug|Any CPU.ActiveCfg = Debug|Any CPU
		{DE23B469-9F4F-4F57-A3D4-7C7958F1FFDD}.Debug|Any CPU.Build.0 = Debug|Any CPU
		{DE23B469-9F4F-4F57-A3D4-7C7958F1FFDD}.Release|Any CPU.ActiveCfg = Release|Any CPU
		{DE23B469-9F4F-4F57-A3D4-7C7958F1FFDD}.Release|Any CPU.Build.0 = Release|Any CPU
		{FFE242B0-B3E7-4D8E-B447-EA582E87A372}.Debug|Any CPU.ActiveCfg = Debug|Any CPU
		{FFE242B0-B3E7-4D8E-B447-EA582E87A372}.Debug|Any CPU.Build.0 = Debug|Any CPU
		{FFE242B0-B3E7-4D8E-B447-EA582E87A372}.Release|Any CPU.ActiveCfg = Release|Any CPU
		{FFE242B0-B3E7-4D8E-B447-EA582E87A372}.Release|Any CPU.Build.0 = Release|Any CPU
		{DC6B84FD-7091-4E01-8FD1-FAECAA881322}.Debug|Any CPU.ActiveCfg = Debug|Any CPU
		{DC6B84FD-7091-4E01-8FD1-FAECAA881322}.Debug|Any CPU.Build.0 = Debug|Any CPU
		{DC6B84FD-7091-4E01-8FD1-FAECAA881322}.Release|Any CPU.ActiveCfg = Release|Any CPU
		{DC6B84FD-7091-4E01-8FD1-FAECAA881322}.Release|Any CPU.Build.0 = Release|Any CPU
		{E3792D93-BEC9-48BB-91E4-0318401A4672}.Debug|Any CPU.ActiveCfg = Debug|Any CPU
		{E3792D93-BEC9-48BB-91E4-0318401A4672}.Debug|Any CPU.Build.0 = Debug|Any CPU
		{E3792D93-BEC9-48BB-91E4-0318401A4672}.Release|Any CPU.ActiveCfg = Release|Any CPU
		{E3792D93-BEC9-48BB-91E4-0318401A4672}.Release|Any CPU.Build.0 = Release|Any CPU
		{34E3FFC8-D586-4C8B-9542-8045DEEC7F29}.Debug|Any CPU.ActiveCfg = Debug|Any CPU
		{34E3FFC8-D586-4C8B-9542-8045DEEC7F29}.Debug|Any CPU.Build.0 = Debug|Any CPU
		{34E3FFC8-D586-4C8B-9542-8045DEEC7F29}.Release|Any CPU.ActiveCfg = Release|Any CPU
		{34E3FFC8-D586-4C8B-9542-8045DEEC7F29}.Release|Any CPU.Build.0 = Release|Any CPU
		{A5B49D9F-64F2-4F9A-8A4B-0E8A1A10A6D8}.Debug|Any CPU.ActiveCfg = Debug|Any CPU
		{A5B49D9F-64F2-4F9A-8A4B-0E8A1A10A6D8}.Debug|Any CPU.Build.0 = Debug|Any CPU
		{A5B49D9F-64F2-4F9A-8A4B-0E8A1A10A6D8}.Release|Any CPU.ActiveCfg = Release|Any CPU
		{A5B49D9F-64F2-4F9A-8A4B-0E8A1A10A6D8}.Release|Any CPU.Build.0 = Release|Any CPU
		{7F764828-5685-41F5-8BDE-1D073B3EEA3A}.Debug|Any CPU.ActiveCfg = Debug|Any CPU
		{7F764828-5685-41F5-8BDE-1D073B3EEA3A}.Debug|Any CPU.Build.0 = Debug|Any CPU
		{7F764828-5685-41F5-8BDE-1D073B3EEA3A}.Release|Any CPU.ActiveCfg = Release|Any CPU
		{7F764828-5685-41F5-8BDE-1D073B3EEA3A}.Release|Any CPU.Build.0 = Release|Any CPU
		{735A6F06-68EB-443C-897A-AD13E2CF3D70}.Debug|Any CPU.ActiveCfg = Debug|Any CPU
		{735A6F06-68EB-443C-897A-AD13E2CF3D70}.Debug|Any CPU.Build.0 = Debug|Any CPU
		{735A6F06-68EB-443C-897A-AD13E2CF3D70}.Release|Any CPU.ActiveCfg = Release|Any CPU
		{735A6F06-68EB-443C-897A-AD13E2CF3D70}.Release|Any CPU.Build.0 = Release|Any CPU
		{4B267FA5-6612-4AED-B0DD-F49E9674F28D}.Debug|Any CPU.ActiveCfg = Debug|Any CPU
		{4B267FA5-6612-4AED-B0DD-F49E9674F28D}.Debug|Any CPU.Build.0 = Debug|Any CPU
		{4B267FA5-6612-4AED-B0DD-F49E9674F28D}.Release|Any CPU.ActiveCfg = Release|Any CPU
		{4B267FA5-6612-4AED-B0DD-F49E9674F28D}.Release|Any CPU.Build.0 = Release|Any CPU
		{89CFBCBC-4FC7-4CD5-B579-5F74B6EF2068}.Debug|Any CPU.ActiveCfg = Debug|Any CPU
		{89CFBCBC-4FC7-4CD5-B579-5F74B6EF2068}.Debug|Any CPU.Build.0 = Debug|Any CPU
		{89CFBCBC-4FC7-4CD5-B579-5F74B6EF2068}.Release|Any CPU.ActiveCfg = Release|Any CPU
		{89CFBCBC-4FC7-4CD5-B579-5F74B6EF2068}.Release|Any CPU.Build.0 = Release|Any CPU
		{29CF9C41-9817-4C64-8D95-3C64BA241E62}.Debug|Any CPU.ActiveCfg = Debug|Any CPU
		{29CF9C41-9817-4C64-8D95-3C64BA241E62}.Debug|Any CPU.Build.0 = Debug|Any CPU
		{29CF9C41-9817-4C64-8D95-3C64BA241E62}.Release|Any CPU.ActiveCfg = Release|Any CPU
		{29CF9C41-9817-4C64-8D95-3C64BA241E62}.Release|Any CPU.Build.0 = Release|Any CPU
		{7DD54C6D-E271-4D2C-9BA0-FF1E45203352}.Debug|Any CPU.ActiveCfg = Debug|Any CPU
		{7DD54C6D-E271-4D2C-9BA0-FF1E45203352}.Debug|Any CPU.Build.0 = Debug|Any CPU
		{7DD54C6D-E271-4D2C-9BA0-FF1E45203352}.Release|Any CPU.ActiveCfg = Release|Any CPU
		{7DD54C6D-E271-4D2C-9BA0-FF1E45203352}.Release|Any CPU.Build.0 = Release|Any CPU
		{2D4DE8B1-3195-4FB6-A300-B0546D768725}.Debug|Any CPU.ActiveCfg = Debug|Any CPU
		{2D4DE8B1-3195-4FB6-A300-B0546D768725}.Debug|Any CPU.Build.0 = Debug|Any CPU
		{2D4DE8B1-3195-4FB6-A300-B0546D768725}.Release|Any CPU.ActiveCfg = Release|Any CPU
		{2D4DE8B1-3195-4FB6-A300-B0546D768725}.Release|Any CPU.Build.0 = Release|Any CPU
		{39FA7481-704A-4B6B-A1F7-906E738FD784}.Debug|Any CPU.ActiveCfg = Debug|Any CPU
		{39FA7481-704A-4B6B-A1F7-906E738FD784}.Debug|Any CPU.Build.0 = Debug|Any CPU
		{39FA7481-704A-4B6B-A1F7-906E738FD784}.Release|Any CPU.ActiveCfg = Release|Any CPU
		{39FA7481-704A-4B6B-A1F7-906E738FD784}.Release|Any CPU.Build.0 = Release|Any CPU
		{98462DE9-EFCF-4AF8-A842-D3B6203A422C}.Debug|Any CPU.ActiveCfg = Debug|Any CPU
		{98462DE9-EFCF-4AF8-A842-D3B6203A422C}.Debug|Any CPU.Build.0 = Debug|Any CPU
		{98462DE9-EFCF-4AF8-A842-D3B6203A422C}.Release|Any CPU.ActiveCfg = Release|Any CPU
		{98462DE9-EFCF-4AF8-A842-D3B6203A422C}.Release|Any CPU.Build.0 = Release|Any CPU
	EndGlobalSection
	GlobalSection(SolutionProperties) = preSolution
		HideSolutionNode = FALSE
	EndGlobalSection
	GlobalSection(NestedProjects) = preSolution
		{1393D977-460B-41D4-B766-4B9067570407} = {2392179D-2E35-43F6-A2FE-9871B623C92C}
		{2EA4F45B-0B45-4FE5-9057-E09102E2551E} = {9BCB536F-B261-4F42-9954-9DEE388199F5}
		{EC5F8C59-1DFB-4357-8E42-40E4C3EF328C} = {2EA4F45B-0B45-4FE5-9057-E09102E2551E}
		{9EC844D7-38C5-4538-BC7E-F78BE11BF2D5} = {EC5F8C59-1DFB-4357-8E42-40E4C3EF328C}
		{70E29648-99B6-4D62-B608-C17A5E7268B1} = {EC5F8C59-1DFB-4357-8E42-40E4C3EF328C}
		{810EFD26-70CC-4826-A138-9F0B29C47AD4} = {EC5F8C59-1DFB-4357-8E42-40E4C3EF328C}
		{3F39DF36-6E43-4B5A-AA31-800EBB048421} = {EC5F8C59-1DFB-4357-8E42-40E4C3EF328C}
		{2C7210CD-6B3B-4C3E-9549-9E42529B61FA} = {2EA4F45B-0B45-4FE5-9057-E09102E2551E}
		{0AD6B070-4F53-4661-A745-7B2FA2EE80CC} = {2C7210CD-6B3B-4C3E-9549-9E42529B61FA}
		{085EB14E-F7A8-4B15-8251-683CE4E3BE3F} = {2C7210CD-6B3B-4C3E-9549-9E42529B61FA}
		{5CD694B2-A08E-4C41-A93F-FDA42BC8538F} = {2C7210CD-6B3B-4C3E-9549-9E42529B61FA}
		{B5947A7C-2B8B-4E93-AEDA-DCC4F47BA619} = {9BCB536F-B261-4F42-9954-9DEE388199F5}
		{EEA8BAB6-9FFA-4A69-A5B3-8A7E908D00F8} = {B5947A7C-2B8B-4E93-AEDA-DCC4F47BA619}
		{F8EB3E46-68D1-4E9D-8875-92D3E45693CE} = {EEA8BAB6-9FFA-4A69-A5B3-8A7E908D00F8}
		{09B448C2-6433-47BD-820C-126A79829D05} = {EEA8BAB6-9FFA-4A69-A5B3-8A7E908D00F8}
		{16663071-641D-4AD1-9720-3D1FC597C540} = {EEA8BAB6-9FFA-4A69-A5B3-8A7E908D00F8}
		{E126F6A1-54C4-4416-8598-7D621C2ED88D} = {EEA8BAB6-9FFA-4A69-A5B3-8A7E908D00F8}
		{B29F1F5C-8CDC-4F56-A494-E607087045E8} = {B5947A7C-2B8B-4E93-AEDA-DCC4F47BA619}
		{B987A71A-9DAD-4C05-ABAF-CDF061DB1E03} = {B29F1F5C-8CDC-4F56-A494-E607087045E8}
		{E2CCEBDB-67D0-4874-9E51-6E174A3E9895} = {B29F1F5C-8CDC-4F56-A494-E607087045E8}
		{59ED8384-C572-40EB-8F37-02658503DDA5} = {B29F1F5C-8CDC-4F56-A494-E607087045E8}
		{BB75E996-AF0E-4061-A78F-C1C5EA412BBE} = {B29F1F5C-8CDC-4F56-A494-E607087045E8}
		{EF1FA1AE-C34C-42BE-BB98-26EAB28C9D18} = {B29F1F5C-8CDC-4F56-A494-E607087045E8}
		{A745895D-6EFC-4111-A46D-268869DE0648} = {9BCB536F-B261-4F42-9954-9DEE388199F5}
		{8D1DFF10-D899-45C9-80B5-BB75CF0FD7CC} = {076C4D78-C4C7-412E-8B2C-044C5A83B139}
		{96ED6927-9E54-4E17-825C-5A43D963EB16} = {076C4D78-C4C7-412E-8B2C-044C5A83B139}
		{E12D53EB-17C5-4127-9826-A96D49F34238} = {076C4D78-C4C7-412E-8B2C-044C5A83B139}
		{1375DE68-2A1B-4CCD-BB30-E865F5C55058} = {076C4D78-C4C7-412E-8B2C-044C5A83B139}
		{076C4D78-C4C7-412E-8B2C-044C5A83B139} = {A745895D-6EFC-4111-A46D-268869DE0648}
		{C4F4E639-1A5D-4ACD-B6AB-4247259E8339} = {A745895D-6EFC-4111-A46D-268869DE0648}
		{E61AF6A4-1375-4509-9511-3764DBF09F8B} = {C4F4E639-1A5D-4ACD-B6AB-4247259E8339}
		{DC98D0CC-C83B-48FD-8085-78EF88C44F29} = {C4F4E639-1A5D-4ACD-B6AB-4247259E8339}
		{94E70DEA-3D51-4190-9732-56EA506DA5A0} = {C4F4E639-1A5D-4ACD-B6AB-4247259E8339}
		{BC963A0C-0DB2-453A-9184-37620048AC0B} = {9BCB536F-B261-4F42-9954-9DEE388199F5}
		{0BC97005-7FA8-4ADF-A919-F93ED0648C99} = {BC963A0C-0DB2-453A-9184-37620048AC0B}
		{D003B5D6-FCDC-4EF0-B9EF-2C6B89BAB662} = {0BC97005-7FA8-4ADF-A919-F93ED0648C99}
		{6BAB6271-B155-4A43-8626-3A35A0A9B5E4} = {0BC97005-7FA8-4ADF-A919-F93ED0648C99}
		{AA973E90-510D-4BAF-95E2-4CD69A6D49AD} = {0BC97005-7FA8-4ADF-A919-F93ED0648C99}
		{BA63420B-F543-4364-B75C-5EB3D9257B32} = {0BC97005-7FA8-4ADF-A919-F93ED0648C99}
		{51B71546-95AC-4744-8D51-A8A6F9F4A4CB} = {BC963A0C-0DB2-453A-9184-37620048AC0B}
		{C34DC534-8F8F-4421-B5C6-102904D04F2E} = {9BCB536F-B261-4F42-9954-9DEE388199F5}
		{9B00A1B1-69A2-4BB1-9371-59816CA05A85} = {C34DC534-8F8F-4421-B5C6-102904D04F2E}
		{306E22B6-0CE9-460F-9C34-8B09A31F4BF9} = {9B00A1B1-69A2-4BB1-9371-59816CA05A85}
		{CBAB8866-8499-4B21-9AE9-795FE8065D6F} = {9B00A1B1-69A2-4BB1-9371-59816CA05A85}
		{7D85823D-D409-423B-B199-D661B7461858} = {9B00A1B1-69A2-4BB1-9371-59816CA05A85}
		{1833D471-EA77-4E4B-9FE9-C988D1532F0E} = {9B00A1B1-69A2-4BB1-9371-59816CA05A85}
		{62385E6C-C268-4071-9C99-E1E786EDE234} = {C34DC534-8F8F-4421-B5C6-102904D04F2E}
		{4661473B-A109-421D-9E4A-9F97D6784212} = {62385E6C-C268-4071-9C99-E1E786EDE234}
		{BFA57803-5053-460A-8D83-FC63F40FA05C} = {62385E6C-C268-4071-9C99-E1E786EDE234}
		{FCAACE86-6C37-4D9D-A4D7-137A5C0F6476} = {62385E6C-C268-4071-9C99-E1E786EDE234}
		{21F99BD1-09A6-44C0-98DF-BE76497F9741} = {9BCB536F-B261-4F42-9954-9DEE388199F5}
		{763637A2-DEF5-486A-907F-EF3DDB176343} = {21F99BD1-09A6-44C0-98DF-BE76497F9741}
		{142BCBFC-C2A9-45CF-8D1A-DD0700B55600} = {21F99BD1-09A6-44C0-98DF-BE76497F9741}
		{0AC8E200-6F8A-46BC-AEC4-C9706A9DD296} = {763637A2-DEF5-486A-907F-EF3DDB176343}
		{975386D0-480F-4A40-9659-D576B7FBA53F} = {763637A2-DEF5-486A-907F-EF3DDB176343}
		{6B8841D6-7109-4B1D-AADB-6539EFE33F89} = {763637A2-DEF5-486A-907F-EF3DDB176343}
		{D700AB2C-9722-41F9-9C25-5B4514406807} = {763637A2-DEF5-486A-907F-EF3DDB176343}
		{7BDBF311-BD71-48B3-8DC1-6A3960D82BBF} = {142BCBFC-C2A9-45CF-8D1A-DD0700B55600}
		{C5F3C0FE-7133-4A40-90AE-D10ACDDB07B8} = {142BCBFC-C2A9-45CF-8D1A-DD0700B55600}
		{4446FC95-F145-46E7-92D5-CCBE0FBDF4C9} = {142BCBFC-C2A9-45CF-8D1A-DD0700B55600}
		{0478025B-B71B-4F5C-970F-9ED66F7E1696} = {623C2810-FB91-4052-9F56-373D69CABFB3}
		{1BF8BF5A-035D-4F01-928C-FE4A9C1D1AFE} = {9BCB536F-B261-4F42-9954-9DEE388199F5}
		{D084F8C7-09A9-4F7B-A274-793BFCE7E5BB} = {1BF8BF5A-035D-4F01-928C-FE4A9C1D1AFE}
		{BEB5B27E-762A-4A43-AC44-3BFD0F44A1F1} = {1BF8BF5A-035D-4F01-928C-FE4A9C1D1AFE}
		{0E65E18E-75E1-4020-96D2-0CA5244131CC} = {D084F8C7-09A9-4F7B-A274-793BFCE7E5BB}
		{4F92D089-83A4-4F03-81A8-E7AF8114A262} = {D084F8C7-09A9-4F7B-A274-793BFCE7E5BB}
		{7C7AC3DF-0E1C-467A-BE7D-19E8729E80B4} = {D084F8C7-09A9-4F7B-A274-793BFCE7E5BB}
		{3130B726-1D42-4E3D-8CC8-4FB98D3D3AAA} = {D084F8C7-09A9-4F7B-A274-793BFCE7E5BB}
		{DE23B469-9F4F-4F57-A3D4-7C7958F1FFDD} = {1BA7FCE9-F2DA-4DE0-AC82-5E67D0AE2993}
		{BECB6E0C-4BD5-457F-A744-83801C694C4E} = {9BCB536F-B261-4F42-9954-9DEE388199F5}
		{B0813D29-1B56-4221-A757-C76909A6575A} = {BECB6E0C-4BD5-457F-A744-83801C694C4E}
		{FFE242B0-B3E7-4D8E-B447-EA582E87A372} = {B0813D29-1B56-4221-A757-C76909A6575A}
		{DC6B84FD-7091-4E01-8FD1-FAECAA881322} = {B0813D29-1B56-4221-A757-C76909A6575A}
		{E3792D93-BEC9-48BB-91E4-0318401A4672} = {B0813D29-1B56-4221-A757-C76909A6575A}
		{34E3FFC8-D586-4C8B-9542-8045DEEC7F29} = {B0813D29-1B56-4221-A757-C76909A6575A}
		{C141BA9F-2CBD-4002-8E05-C0EE49024E54} = {BECB6E0C-4BD5-457F-A744-83801C694C4E}
		{A5B49D9F-64F2-4F9A-8A4B-0E8A1A10A6D8} = {C141BA9F-2CBD-4002-8E05-C0EE49024E54}
		{7F764828-5685-41F5-8BDE-1D073B3EEA3A} = {C141BA9F-2CBD-4002-8E05-C0EE49024E54}
		{735A6F06-68EB-443C-897A-AD13E2CF3D70} = {C141BA9F-2CBD-4002-8E05-C0EE49024E54}
		{9BBBFC7C-E0C8-4F57-B40C-96EE963EFE8D} = {9BCB536F-B261-4F42-9954-9DEE388199F5}
		{21D448EE-04E6-4F97-A908-4B5712E12209} = {9BBBFC7C-E0C8-4F57-B40C-96EE963EFE8D}
		{4B267FA5-6612-4AED-B0DD-F49E9674F28D} = {21D448EE-04E6-4F97-A908-4B5712E12209}
		{89CFBCBC-4FC7-4CD5-B579-5F74B6EF2068} = {21D448EE-04E6-4F97-A908-4B5712E12209}
		{29CF9C41-9817-4C64-8D95-3C64BA241E62} = {21D448EE-04E6-4F97-A908-4B5712E12209}
		{7DD54C6D-E271-4D2C-9BA0-FF1E45203352} = {21D448EE-04E6-4F97-A908-4B5712E12209}
		{48FED0EC-299C-4EA9-AC70-95C19DB3215C} = {9BBBFC7C-E0C8-4F57-B40C-96EE963EFE8D}
		{2D4DE8B1-3195-4FB6-A300-B0546D768725} = {48FED0EC-299C-4EA9-AC70-95C19DB3215C}
		{39FA7481-704A-4B6B-A1F7-906E738FD784} = {48FED0EC-299C-4EA9-AC70-95C19DB3215C}
		{98462DE9-EFCF-4AF8-A842-D3B6203A422C} = {48FED0EC-299C-4EA9-AC70-95C19DB3215C}
	EndGlobalSection
	GlobalSection(ExtensibilityGlobals) = postSolution
		SolutionGuid = {4B5E55A5-2B4C-435F-9398-202BB214900A}
	EndGlobalSection
EndGlobal
